
Microsoft Visual Studio Solution File, Format Version 12.00
# Visual Studio Version 17
VisualStudioVersion = 17.13.35913.81
MinimumVisualStudioVersion = 10.0.40219.1
Project("{FAE04EC0-301F-11D3-BF4B-00C04F79EFBC}") = "App.Repositories", "Repositories\App.Repositories.csproj", "{56F0FF13-9D45-457A-A72F-494A955CEE3C}"
EndProject
Project("{FAE04EC0-301F-11D3-BF4B-00C04F79EFBC}") = "App.Services", "Services\App.Services.csproj", "{04FBF8D6-7BF9-4C45-A98F-E98D3347C6DA}"
EndProject
Project("{FAE04EC0-301F-11D3-BF4B-00C04F79EFBC}") = "App.API", "App.API\App.API.csproj", "{F943391E-C881-48CE-8B34-814024FA0897}"
EndProject
Global
	GlobalSection(SolutionConfigurationPlatforms) = preSolution
		Debug|Any CPU = Debug|Any CPU
		Release|Any CPU = Release|Any CPU
	EndGlobalSection
	GlobalSection(ProjectConfigurationPlatforms) = postSolution
		{56F0FF13-9D45-457A-A72F-494A955CEE3C}.Debug|Any CPU.ActiveCfg = Debug|Any CPU
		{56F0FF13-9D45-457A-A72F-494A955CEE3C}.Debug|Any CPU.Build.0 = Debug|Any CPU
		{56F0FF13-9D45-457A-A72F-494A955CEE3C}.Release|Any CPU.ActiveCfg = Release|Any CPU
		{56F0FF13-9D45-457A-A72F-494A955CEE3C}.Release|Any CPU.Build.0 = Release|Any CPU
		{04FBF8D6-7BF9-4C45-A98F-E98D3347C6DA}.Debug|Any CPU.ActiveCfg = Debug|Any CPU
		{04FBF8D6-7BF9-4C45-A98F-E98D3347C6DA}.Debug|Any CPU.Build.0 = Debug|Any CPU
		{04FBF8D6-7BF9-4C45-A98F-E98D3347C6DA}.Release|Any CPU.ActiveCfg = Release|Any CPU
		{04FBF8D6-7BF9-4C45-A98F-E98D3347C6DA}.Release|Any CPU.Build.0 = Release|Any CPU
		{F943391E-C881-48CE-8B34-814024FA0897}.Debug|Any CPU.ActiveCfg = Debug|Any CPU
		{F943391E-C881-48CE-8B34-814024FA0897}.Debug|Any CPU.Build.0 = Debug|Any CPU
		{F943391E-C881-48CE-8B34-814024FA0897}.Release|Any CPU.ActiveCfg = Release|Any CPU
		{F943391E-C881-48CE-8B34-814024FA0897}.Release|Any CPU.Build.0 = Release|Any CPU
	EndGlobalSection
	GlobalSection(SolutionProperties) = preSolution
		HideSolutionNode = FALSE
	EndGlobalSection
	GlobalSection(ExtensibilityGlobals) = postSolution
		SolutionGuid = {DE5DBA7C-3A11-41C3-8922-BBF8B762081E}
	EndGlobalSection
EndGlobal
